
Microsoft Visual Studio Solution File, Format Version 12.00
# Visual Studio Version 16
VisualStudioVersion = 16.0.31424.327
MinimumVisualStudioVersion = 10.0.40219.1
Project("{AAE04EC0-301F-11D3-BF4B-00C04F79EFBA}") = "translation-m2", "translation-m2.csproj", "{AA6DCA73-77FC-4EDC-BE99-AC6C90486CCA}"
EndProject
Global
	GlobalSection(SolutionConfigurationPlatforms) = preSolution
		Debug|Any CPU = Debug|Any CPU
		Release|Any CPU = Release|Any CPU
	EndGlobalSection
	GlobalSection(ProjectConfigurationPlatforms) = postSolution
		{AA6DCA73-77FC-4EDC-BE99-AC6C90486CCA}.Debug|Any CPU.ActiveCfg = Debug|Any CPU
		{AA6DCA73-77FC-4EDC-BE99-AC6C90486CCA}.Debug|Any CPU.Build.0 = Debug|Any CPU
		{AA6DCA73-77FC-4EDC-BE99-AC6C90486CCA}.Release|Any CPU.ActiveCfg = Release|Any CPU
		{AA6DCA73-77FC-4EDC-BE99-AC6C90486CCA}.Release|Any CPU.Build.0 = Release|Any CPU
	EndGlobalSection
	GlobalSection(SolutionProperties) = preSolution
		HideSolutionNode = FALSE
	EndGlobalSection
	GlobalSection(ExtensibilityGlobals) = postSolution
		SolutionGuid = {A9F7EE82-56A1-4734-9CB7-6DC306F951B6}
	EndGlobalSection
EndGlobal
